// !$*UTF8*$!
{
	archiveVersion = 1;
	classes = {
	};
	objectVersion = 77;
	objects = {

/* Begin PBXBuildFile section */
		E92015F02D549BF600BF7033 /* WidgetKit.framework in Frameworks */ = {isa = PBXBuildFile; fileRef = E99659412CE86B520093E8BA /* WidgetKit.framework */; };
		E92015F12D549BF600BF7033 /* SwiftUI.framework in Frameworks */ = {isa = PBXBuildFile; fileRef = E99659432CE86B520093E8BA /* SwiftUI.framework */; };
		E92015FC2D549BF800BF7033 /* Dday_widgetExtension.appex in Embed Foundation Extensions */ = {isa = PBXBuildFile; fileRef = E92015EF2D549BF600BF7033 /* Dday_widgetExtension.appex */; settings = {ATTRIBUTES = (RemoveHeadersOnCopy, ); }; };
		E920163B2D55E25000BF7033 /* Utils.swift in Sources */ = {isa = PBXBuildFile; fileRef = E99C689C2D0C192D009B9738 /* Utils.swift */; };
		E920163C2D55E25800BF7033 /* Model.swift in Sources */ = {isa = PBXBuildFile; fileRef = E99C68B72D1006F2009B9738 /* Model.swift */; };
		E9220FA92D2FDCCA005AD332 /* WidgetKit.framework in Frameworks */ = {isa = PBXBuildFile; fileRef = E99659412CE86B520093E8BA /* WidgetKit.framework */; };
		E9220FAA2D2FDCCA005AD332 /* SwiftUI.framework in Frameworks */ = {isa = PBXBuildFile; fileRef = E99659432CE86B520093E8BA /* SwiftUI.framework */; };
		E9220FB72D2FDCCC005AD332 /* Memo_widgetExtension.appex in Embed Foundation Extensions */ = {isa = PBXBuildFile; fileRef = E9220FA82D2FDCCA005AD332 /* Memo_widgetExtension.appex */; settings = {ATTRIBUTES = (RemoveHeadersOnCopy, ); }; };
		E92210132D368BC6005AD332 /* Model.swift in Sources */ = {isa = PBXBuildFile; fileRef = E99C68B72D1006F2009B9738 /* Model.swift */; };
		E92210142D368BDA005AD332 /* Utils.swift in Sources */ = {isa = PBXBuildFile; fileRef = E99C689C2D0C192D009B9738 /* Utils.swift */; };
		E95389512D40DF06003B25CC /* Memo_dataModel.xcdatamodeld in Sources */ = {isa = PBXBuildFile; fileRef = E953894F2D40DF06003B25CC /* Memo_dataModel.xcdatamodeld */; };
		E95389522D40DF06003B25CC /* Memo_dataModel.xcdatamodeld in Sources */ = {isa = PBXBuildFile; fileRef = E953894F2D40DF06003B25CC /* Memo_dataModel.xcdatamodeld */; };
		E95389532D40DF06003B25CC /* Memo_dataModel.xcdatamodeld in Sources */ = {isa = PBXBuildFile; fileRef = E953894F2D40DF06003B25CC /* Memo_dataModel.xcdatamodeld */; };
		E953896A2D40ECDE003B25CC /* Memos+CoreDataProperties.swift in Sources */ = {isa = PBXBuildFile; fileRef = E95389692D40ECDE003B25CC /* Memos+CoreDataProperties.swift */; };
		E953896B2D40ECDE003B25CC /* Memos+CoreDataClass.swift in Sources */ = {isa = PBXBuildFile; fileRef = E95389682D40ECDE003B25CC /* Memos+CoreDataClass.swift */; };
		E953896C2D40ECDE003B25CC /* Memos+CoreDataProperties.swift in Sources */ = {isa = PBXBuildFile; fileRef = E95389692D40ECDE003B25CC /* Memos+CoreDataProperties.swift */; };
		E953896D2D40ECDE003B25CC /* Memos+CoreDataClass.swift in Sources */ = {isa = PBXBuildFile; fileRef = E95389682D40ECDE003B25CC /* Memos+CoreDataClass.swift */; };
		E953896E2D40ECDE003B25CC /* Memos+CoreDataProperties.swift in Sources */ = {isa = PBXBuildFile; fileRef = E95389692D40ECDE003B25CC /* Memos+CoreDataProperties.swift */; };
		E953896F2D40ECDE003B25CC /* Memos+CoreDataClass.swift in Sources */ = {isa = PBXBuildFile; fileRef = E95389682D40ECDE003B25CC /* Memos+CoreDataClass.swift */; };
		E99659422CE86B520093E8BA /* WidgetKit.framework in Frameworks */ = {isa = PBXBuildFile; fileRef = E99659412CE86B520093E8BA /* WidgetKit.framework */; };
		E99659442CE86B520093E8BA /* SwiftUI.framework in Frameworks */ = {isa = PBXBuildFile; fileRef = E99659432CE86B520093E8BA /* SwiftUI.framework */; };
		E99659552CE86B540093E8BA /* Temperature_widgetExtension.appex in Embed Foundation Extensions */ = {isa = PBXBuildFile; fileRef = E996593F2CE86B520093E8BA /* Temperature_widgetExtension.appex */; settings = {ATTRIBUTES = (RemoveHeadersOnCopy, ); }; };
		E99C68A22D0C192D009B9738 /* Utils.swift in Sources */ = {isa = PBXBuildFile; fileRef = E99C689C2D0C192D009B9738 /* Utils.swift */; };
		E99C68B52D0D4C0F009B9738 /* Utils.swift in Sources */ = {isa = PBXBuildFile; fileRef = E99C689C2D0C192D009B9738 /* Utils.swift */; };
		E99C68B82D1006F5009B9738 /* Model.swift in Sources */ = {isa = PBXBuildFile; fileRef = E99C68B72D1006F2009B9738 /* Model.swift */; };
		E99C68B92D1006F5009B9738 /* Model.swift in Sources */ = {isa = PBXBuildFile; fileRef = E99C68B72D1006F2009B9738 /* Model.swift */; };
		E9AAC5FA2D9169A8006ACFCD /* Localizable.xcstrings in Resources */ = {isa = PBXBuildFile; fileRef = E9AAC5F92D9169A8006ACFCD /* Localizable.xcstrings */; };
		E9AAC5FB2D9169A8006ACFCD /* Localizable.xcstrings in Resources */ = {isa = PBXBuildFile; fileRef = E9AAC5F92D9169A8006ACFCD /* Localizable.xcstrings */; };
		E9AAC5FC2D9169A8006ACFCD /* Localizable.xcstrings in Resources */ = {isa = PBXBuildFile; fileRef = E9AAC5F92D9169A8006ACFCD /* Localizable.xcstrings */; };
		E9AAC5FD2D9169A8006ACFCD /* Localizable.xcstrings in Resources */ = {isa = PBXBuildFile; fileRef = E9AAC5F92D9169A8006ACFCD /* Localizable.xcstrings */; };
/* End PBXBuildFile section */

/* Begin PBXContainerItemProxy section */
		E92015FA2D549BF800BF7033 /* PBXContainerItemProxy */ = {
			isa = PBXContainerItemProxy;
			containerPortal = E976147B2CE5DD4B00C90A58 /* Project object */;
			proxyType = 1;
			remoteGlobalIDString = E92015EE2D549BF600BF7033;
			remoteInfo = Dday_widgetExtension;
		};
		E9220FB52D2FDCCC005AD332 /* PBXContainerItemProxy */ = {
			isa = PBXContainerItemProxy;
			containerPortal = E976147B2CE5DD4B00C90A58 /* Project object */;
			proxyType = 1;
			remoteGlobalIDString = E9220FA72D2FDCCA005AD332;
			remoteInfo = Memo_widgetExtension;
		};
		E99659532CE86B540093E8BA /* PBXContainerItemProxy */ = {
			isa = PBXContainerItemProxy;
			containerPortal = E976147B2CE5DD4B00C90A58 /* Project object */;
			proxyType = 1;
			remoteGlobalIDString = E996593E2CE86B520093E8BA;
			remoteInfo = Temperature_widgetExtension;
		};
/* End PBXContainerItemProxy section */

/* Begin PBXCopyFilesBuildPhase section */
		E99659562CE86B540093E8BA /* Embed Foundation Extensions */ = {
			isa = PBXCopyFilesBuildPhase;
			buildActionMask = 2147483647;
			dstPath = "";
			dstSubfolderSpec = 13;
			files = (
				E9220FB72D2FDCCC005AD332 /* Memo_widgetExtension.appex in Embed Foundation Extensions */,
				E99659552CE86B540093E8BA /* Temperature_widgetExtension.appex in Embed Foundation Extensions */,
				E92015FC2D549BF800BF7033 /* Dday_widgetExtension.appex in Embed Foundation Extensions */,
			);
			name = "Embed Foundation Extensions";
			runOnlyForDeploymentPostprocessing = 0;
		};
/* End PBXCopyFilesBuildPhase section */

/* Begin PBXFileReference section */
		E92015EF2D549BF600BF7033 /* Dday_widgetExtension.appex */ = {isa = PBXFileReference; explicitFileType = "wrapper.app-extension"; includeInIndex = 0; path = Dday_widgetExtension.appex; sourceTree = BUILT_PRODUCTS_DIR; };
		E920163D2D55E6E900BF7033 /* Dday_widgetExtension.entitlements */ = {isa = PBXFileReference; lastKnownFileType = text.plist.entitlements; path = Dday_widgetExtension.entitlements; sourceTree = "<group>"; };
		E9220FA82D2FDCCA005AD332 /* Memo_widgetExtension.appex */ = {isa = PBXFileReference; explicitFileType = "wrapper.app-extension"; includeInIndex = 0; path = Memo_widgetExtension.appex; sourceTree = BUILT_PRODUCTS_DIR; };
		E92210962D37E57D005AD332 /* Memo_widgetExtension.entitlements */ = {isa = PBXFileReference; lastKnownFileType = text.plist.entitlements; path = Memo_widgetExtension.entitlements; sourceTree = "<group>"; };
		E95389502D40DF06003B25CC /* Memo_dataModel.xcdatamodel */ = {isa = PBXFileReference; lastKnownFileType = wrapper.xcdatamodel; path = Memo_dataModel.xcdatamodel; sourceTree = "<group>"; };
		E95389682D40ECDE003B25CC /* Memos+CoreDataClass.swift */ = {isa = PBXFileReference; lastKnownFileType = sourcecode.swift; path = "Memos+CoreDataClass.swift"; sourceTree = "<group>"; };
		E95389692D40ECDE003B25CC /* Memos+CoreDataProperties.swift */ = {isa = PBXFileReference; lastKnownFileType = sourcecode.swift; path = "Memos+CoreDataProperties.swift"; sourceTree = "<group>"; };
		E97614832CE5DD4B00C90A58 /* Simplest_widgets.app */ = {isa = PBXFileReference; explicitFileType = wrapper.application; includeInIndex = 0; path = Simplest_widgets.app; sourceTree = BUILT_PRODUCTS_DIR; };
		E996593F2CE86B520093E8BA /* Temperature_widgetExtension.appex */ = {isa = PBXFileReference; explicitFileType = "wrapper.app-extension"; includeInIndex = 0; path = Temperature_widgetExtension.appex; sourceTree = BUILT_PRODUCTS_DIR; };
		E99659412CE86B520093E8BA /* WidgetKit.framework */ = {isa = PBXFileReference; lastKnownFileType = wrapper.framework; name = WidgetKit.framework; path = System/Library/Frameworks/WidgetKit.framework; sourceTree = SDKROOT; };
		E99659432CE86B520093E8BA /* SwiftUI.framework */ = {isa = PBXFileReference; lastKnownFileType = wrapper.framework; name = SwiftUI.framework; path = System/Library/Frameworks/SwiftUI.framework; sourceTree = SDKROOT; };
		E99C689C2D0C192D009B9738 /* Utils.swift */ = {isa = PBXFileReference; lastKnownFileType = sourcecode.swift; path = Utils.swift; sourceTree = "<group>"; };
		E99C68B62D0D5902009B9738 /* Temperature_widgetExtension.entitlements */ = {isa = PBXFileReference; lastKnownFileType = text.plist.entitlements; path = Temperature_widgetExtension.entitlements; sourceTree = "<group>"; };
		E99C68B72D1006F2009B9738 /* Model.swift */ = {isa = PBXFileReference; lastKnownFileType = sourcecode.swift; path = Model.swift; sourceTree = "<group>"; };
		E9AAC5F92D9169A8006ACFCD /* Localizable.xcstrings */ = {isa = PBXFileReference; lastKnownFileType = text.json.xcstrings; path = Localizable.xcstrings; sourceTree = "<group>"; };
/* End PBXFileReference section */

/* Begin PBXFileSystemSynchronizedBuildFileExceptionSet section */
		E92015FF2D549BF800BF7033 /* Exceptions for "Dday_widget" folder in "Dday_widgetExtension" target */ = {
			isa = PBXFileSystemSynchronizedBuildFileExceptionSet;
			membershipExceptions = (
				Info.plist,
			);
			target = E92015EE2D549BF600BF7033 /* Dday_widgetExtension */;
		};
		E9220FB82D2FDCCC005AD332 /* Exceptions for "Memo_widget" folder in "Memo_widgetExtension" target */ = {
			isa = PBXFileSystemSynchronizedBuildFileExceptionSet;
			membershipExceptions = (
				Info.plist,
			);
			target = E9220FA72D2FDCCA005AD332 /* Memo_widgetExtension */;
		};
		E99659592CE86B540093E8BA /* Exceptions for "Temperature_widget" folder in "Temperature_widgetExtension" target */ = {
			isa = PBXFileSystemSynchronizedBuildFileExceptionSet;
			membershipExceptions = (
				Info.plist,
			);
			target = E996593E2CE86B520093E8BA /* Temperature_widgetExtension */;
		};
/* End PBXFileSystemSynchronizedBuildFileExceptionSet section */

/* Begin PBXFileSystemSynchronizedGroupBuildPhaseMembershipExceptionSet section */
		E9A6159B2CF08B3E007C2274 /* Exceptions for "Simplest_widgets" folder in "Copy Bundle Resources" phase from "Simplest_widgets" target */ = {
			isa = PBXFileSystemSynchronizedGroupBuildPhaseMembershipExceptionSet;
			buildPhase = E97614812CE5DD4B00C90A58 /* Resources */;
			membershipExceptions = (
				PhotoPicker.swift,
			);
		};
/* End PBXFileSystemSynchronizedGroupBuildPhaseMembershipExceptionSet section */

/* Begin PBXFileSystemSynchronizedRootGroup section */
		E92015F22D549BF600BF7033 /* Dday_widget */ = {
			isa = PBXFileSystemSynchronizedRootGroup;
			exceptions = (
				E92015FF2D549BF800BF7033 /* Exceptions for "Dday_widget" folder in "Dday_widgetExtension" target */,
			);
			path = Dday_widget;
			sourceTree = "<group>";
		};
		E9220FAB2D2FDCCA005AD332 /* Memo_widget */ = {
			isa = PBXFileSystemSynchronizedRootGroup;
			exceptions = (
				E9220FB82D2FDCCC005AD332 /* Exceptions for "Memo_widget" folder in "Memo_widgetExtension" target */,
			);
			path = Memo_widget;
			sourceTree = "<group>";
		};
		E97614852CE5DD4B00C90A58 /* Simplest_widgets */ = {
			isa = PBXFileSystemSynchronizedRootGroup;
			exceptions = (
				E9A6159B2CF08B3E007C2274 /* Exceptions for "Simplest_widgets" folder in "Copy Bundle Resources" phase from "Simplest_widgets" target */,
			);
			path = Simplest_widgets;
			sourceTree = "<group>";
		};
		E99659452CE86B520093E8BA /* Temperature_widget */ = {
			isa = PBXFileSystemSynchronizedRootGroup;
			exceptions = (
				E99659592CE86B540093E8BA /* Exceptions for "Temperature_widget" folder in "Temperature_widgetExtension" target */,
			);
			path = Temperature_widget;
			sourceTree = "<group>";
		};
/* End PBXFileSystemSynchronizedRootGroup section */

/* Begin PBXFrameworksBuildPhase section */
		E92015EC2D549BF600BF7033 /* Frameworks */ = {
			isa = PBXFrameworksBuildPhase;
			buildActionMask = 2147483647;
			files = (
				E92015F12D549BF600BF7033 /* SwiftUI.framework in Frameworks */,
				E92015F02D549BF600BF7033 /* WidgetKit.framework in Frameworks */,
			);
			runOnlyForDeploymentPostprocessing = 0;
		};
		E9220FA52D2FDCCA005AD332 /* Frameworks */ = {
			isa = PBXFrameworksBuildPhase;
			buildActionMask = 2147483647;
			files = (
				E9220FAA2D2FDCCA005AD332 /* SwiftUI.framework in Frameworks */,
				E9220FA92D2FDCCA005AD332 /* WidgetKit.framework in Frameworks */,
			);
			runOnlyForDeploymentPostprocessing = 0;
		};
		E97614802CE5DD4B00C90A58 /* Frameworks */ = {
			isa = PBXFrameworksBuildPhase;
			buildActionMask = 2147483647;
			files = (
			);
			runOnlyForDeploymentPostprocessing = 0;
		};
		E996593C2CE86B520093E8BA /* Frameworks */ = {
			isa = PBXFrameworksBuildPhase;
			buildActionMask = 2147483647;
			files = (
				E99659442CE86B520093E8BA /* SwiftUI.framework in Frameworks */,
				E99659422CE86B520093E8BA /* WidgetKit.framework in Frameworks */,
			);
			runOnlyForDeploymentPostprocessing = 0;
		};
/* End PBXFrameworksBuildPhase section */

/* Begin PBXGroup section */
		E976147A2CE5DD4B00C90A58 = {
			isa = PBXGroup;
			children = (
				E9AAC5F92D9169A8006ACFCD /* Localizable.xcstrings */,
				E920163D2D55E6E900BF7033 /* Dday_widgetExtension.entitlements */,
				E95389682D40ECDE003B25CC /* Memos+CoreDataClass.swift */,
				E95389692D40ECDE003B25CC /* Memos+CoreDataProperties.swift */,
				E953894F2D40DF06003B25CC /* Memo_dataModel.xcdatamodeld */,
				E92210962D37E57D005AD332 /* Memo_widgetExtension.entitlements */,
				E99C68B62D0D5902009B9738 /* Temperature_widgetExtension.entitlements */,
				E97614852CE5DD4B00C90A58 /* Simplest_widgets */,
				E99659452CE86B520093E8BA /* Temperature_widget */,
				E9220FAB2D2FDCCA005AD332 /* Memo_widget */,
				E99C68B72D1006F2009B9738 /* Model.swift */,
				E99C689C2D0C192D009B9738 /* Utils.swift */,
				E92015F22D549BF600BF7033 /* Dday_widget */,
				E99659402CE86B520093E8BA /* Frameworks */,
				E97614842CE5DD4B00C90A58 /* Products */,
			);
			sourceTree = "<group>";
		};
		E97614842CE5DD4B00C90A58 /* Products */ = {
			isa = PBXGroup;
			children = (
				E97614832CE5DD4B00C90A58 /* Simplest_widgets.app */,
				E996593F2CE86B520093E8BA /* Temperature_widgetExtension.appex */,
				E9220FA82D2FDCCA005AD332 /* Memo_widgetExtension.appex */,
				E92015EF2D549BF600BF7033 /* Dday_widgetExtension.appex */,
			);
			name = Products;
			sourceTree = "<group>";
		};
		E99659402CE86B520093E8BA /* Frameworks */ = {
			isa = PBXGroup;
			children = (
				E99659412CE86B520093E8BA /* WidgetKit.framework */,
				E99659432CE86B520093E8BA /* SwiftUI.framework */,
			);
			name = Frameworks;
			sourceTree = "<group>";
		};
/* End PBXGroup section */

/* Begin PBXNativeTarget section */
		E92015EE2D549BF600BF7033 /* Dday_widgetExtension */ = {
			isa = PBXNativeTarget;
			buildConfigurationList = E92016002D549BF800BF7033 /* Build configuration list for PBXNativeTarget "Dday_widgetExtension" */;
			buildPhases = (
				E92015EB2D549BF600BF7033 /* Sources */,
				E92015EC2D549BF600BF7033 /* Frameworks */,
				E92015ED2D549BF600BF7033 /* Resources */,
			);
			buildRules = (
			);
			dependencies = (
			);
			fileSystemSynchronizedGroups = (
				E92015F22D549BF600BF7033 /* Dday_widget */,
			);
			name = Dday_widgetExtension;
			packageProductDependencies = (
			);
			productName = Dday_widgetExtension;
			productReference = E92015EF2D549BF600BF7033 /* Dday_widgetExtension.appex */;
			productType = "com.apple.product-type.app-extension";
		};
		E9220FA72D2FDCCA005AD332 /* Memo_widgetExtension */ = {
			isa = PBXNativeTarget;
			buildConfigurationList = E9220FB92D2FDCCC005AD332 /* Build configuration list for PBXNativeTarget "Memo_widgetExtension" */;
			buildPhases = (
				E9220FA42D2FDCCA005AD332 /* Sources */,
				E9220FA52D2FDCCA005AD332 /* Frameworks */,
				E9220FA62D2FDCCA005AD332 /* Resources */,
			);
			buildRules = (
			);
			dependencies = (
			);
			fileSystemSynchronizedGroups = (
				E9220FAB2D2FDCCA005AD332 /* Memo_widget */,
			);
			name = Memo_widgetExtension;
			packageProductDependencies = (
			);
			productName = Memo_widgetExtension;
			productReference = E9220FA82D2FDCCA005AD332 /* Memo_widgetExtension.appex */;
			productType = "com.apple.product-type.app-extension";
		};
		E97614822CE5DD4B00C90A58 /* Simplest_widgets */ = {
			isa = PBXNativeTarget;
			buildConfigurationList = E97614912CE5DD4D00C90A58 /* Build configuration list for PBXNativeTarget "Simplest_widgets" */;
			buildPhases = (
				E976147F2CE5DD4B00C90A58 /* Sources */,
				E97614802CE5DD4B00C90A58 /* Frameworks */,
				E97614812CE5DD4B00C90A58 /* Resources */,
				E99659562CE86B540093E8BA /* Embed Foundation Extensions */,
			);
			buildRules = (
			);
			dependencies = (
				E99659542CE86B540093E8BA /* PBXTargetDependency */,
				E9220FB62D2FDCCC005AD332 /* PBXTargetDependency */,
				E92015FB2D549BF800BF7033 /* PBXTargetDependency */,
			);
			fileSystemSynchronizedGroups = (
				E97614852CE5DD4B00C90A58 /* Simplest_widgets */,
			);
			name = Simplest_widgets;
			packageProductDependencies = (
			);
			productName = Simplest_widgets;
			productReference = E97614832CE5DD4B00C90A58 /* Simplest_widgets.app */;
			productType = "com.apple.product-type.application";
		};
		E996593E2CE86B520093E8BA /* Temperature_widgetExtension */ = {
			isa = PBXNativeTarget;
			buildConfigurationList = E996595A2CE86B540093E8BA /* Build configuration list for PBXNativeTarget "Temperature_widgetExtension" */;
			buildPhases = (
				E996593B2CE86B520093E8BA /* Sources */,
				E996593C2CE86B520093E8BA /* Frameworks */,
				E996593D2CE86B520093E8BA /* Resources */,
			);
			buildRules = (
			);
			dependencies = (
			);
			fileSystemSynchronizedGroups = (
				E99659452CE86B520093E8BA /* Temperature_widget */,
			);
			name = Temperature_widgetExtension;
			packageProductDependencies = (
			);
			productName = Temperature_widgetExtension;
			productReference = E996593F2CE86B520093E8BA /* Temperature_widgetExtension.appex */;
			productType = "com.apple.product-type.app-extension";
		};
/* End PBXNativeTarget section */

/* Begin PBXProject section */
		E976147B2CE5DD4B00C90A58 /* Project object */ = {
			isa = PBXProject;
			attributes = {
				BuildIndependentTargetsInParallel = 1;
				LastSwiftUpdateCheck = 1620;
				LastUpgradeCheck = 1610;
				TargetAttributes = {
					E92015EE2D549BF600BF7033 = {
						CreatedOnToolsVersion = 16.2;
					};
					E9220FA72D2FDCCA005AD332 = {
						CreatedOnToolsVersion = 16.2;
					};
					E97614822CE5DD4B00C90A58 = {
						CreatedOnToolsVersion = 16.1;
					};
					E996593E2CE86B520093E8BA = {
						CreatedOnToolsVersion = 16.1;
					};
				};
			};
			buildConfigurationList = E976147E2CE5DD4B00C90A58 /* Build configuration list for PBXProject "Simplest_widgets" */;
			developmentRegion = en;
			hasScannedForEncodings = 0;
			knownRegions = (
				en,
				Base,
				"ko-KR",
			);
			mainGroup = E976147A2CE5DD4B00C90A58;
			minimizedProjectReferenceProxies = 1;
			preferredProjectObjectVersion = 77;
			productRefGroup = E97614842CE5DD4B00C90A58 /* Products */;
			projectDirPath = "";
			projectRoot = "";
			targets = (
				E97614822CE5DD4B00C90A58 /* Simplest_widgets */,
				E996593E2CE86B520093E8BA /* Temperature_widgetExtension */,
				E9220FA72D2FDCCA005AD332 /* Memo_widgetExtension */,
				E92015EE2D549BF600BF7033 /* Dday_widgetExtension */,
			);
		};
/* End PBXProject section */

/* Begin PBXResourcesBuildPhase section */
		E92015ED2D549BF600BF7033 /* Resources */ = {
			isa = PBXResourcesBuildPhase;
			buildActionMask = 2147483647;
			files = (
				E9AAC5FD2D9169A8006ACFCD /* Localizable.xcstrings in Resources */,
			);
			runOnlyForDeploymentPostprocessing = 0;
		};
		E9220FA62D2FDCCA005AD332 /* Resources */ = {
			isa = PBXResourcesBuildPhase;
			buildActionMask = 2147483647;
			files = (
				E9AAC5FC2D9169A8006ACFCD /* Localizable.xcstrings in Resources */,
			);
			runOnlyForDeploymentPostprocessing = 0;
		};
		E97614812CE5DD4B00C90A58 /* Resources */ = {
			isa = PBXResourcesBuildPhase;
			buildActionMask = 2147483647;
			files = (
				E9AAC5FA2D9169A8006ACFCD /* Localizable.xcstrings in Resources */,
			);
			runOnlyForDeploymentPostprocessing = 0;
		};
		E996593D2CE86B520093E8BA /* Resources */ = {
			isa = PBXResourcesBuildPhase;
			buildActionMask = 2147483647;
			files = (
				E9AAC5FB2D9169A8006ACFCD /* Localizable.xcstrings in Resources */,
			);
			runOnlyForDeploymentPostprocessing = 0;
		};
/* End PBXResourcesBuildPhase section */

/* Begin PBXSourcesBuildPhase section */
		E92015EB2D549BF600BF7033 /* Sources */ = {
			isa = PBXSourcesBuildPhase;
			buildActionMask = 2147483647;
			files = (
				E920163C2D55E25800BF7033 /* Model.swift in Sources */,
				E920163B2D55E25000BF7033 /* Utils.swift in Sources */,
			);
			runOnlyForDeploymentPostprocessing = 0;
		};
		E9220FA42D2FDCCA005AD332 /* Sources */ = {
			isa = PBXSourcesBuildPhase;
			buildActionMask = 2147483647;
			files = (
				E92210142D368BDA005AD332 /* Utils.swift in Sources */,
				E92210132D368BC6005AD332 /* Model.swift in Sources */,
				E95389512D40DF06003B25CC /* Memo_dataModel.xcdatamodeld in Sources */,
				E953896E2D40ECDE003B25CC /* Memos+CoreDataProperties.swift in Sources */,
				E953896F2D40ECDE003B25CC /* Memos+CoreDataClass.swift in Sources */,
			);
			runOnlyForDeploymentPostprocessing = 0;
		};
		E976147F2CE5DD4B00C90A58 /* Sources */ = {
			isa = PBXSourcesBuildPhase;
			buildActionMask = 2147483647;
			files = (
				E99C68B92D1006F5009B9738 /* Model.swift in Sources */,
				E953896C2D40ECDE003B25CC /* Memos+CoreDataProperties.swift in Sources */,
				E953896D2D40ECDE003B25CC /* Memos+CoreDataClass.swift in Sources */,
				E95389522D40DF06003B25CC /* Memo_dataModel.xcdatamodeld in Sources */,
				E99C68A22D0C192D009B9738 /* Utils.swift in Sources */,
			);
			runOnlyForDeploymentPostprocessing = 0;
		};
		E996593B2CE86B520093E8BA /* Sources */ = {
			isa = PBXSourcesBuildPhase;
			buildActionMask = 2147483647;
			files = (
				E99C68B82D1006F5009B9738 /* Model.swift in Sources */,
				E99C68B52D0D4C0F009B9738 /* Utils.swift in Sources */,
				E95389532D40DF06003B25CC /* Memo_dataModel.xcdatamodeld in Sources */,
				E953896A2D40ECDE003B25CC /* Memos+CoreDataProperties.swift in Sources */,
				E953896B2D40ECDE003B25CC /* Memos+CoreDataClass.swift in Sources */,
			);
			runOnlyForDeploymentPostprocessing = 0;
		};
/* End PBXSourcesBuildPhase section */

/* Begin PBXTargetDependency section */
		E92015FB2D549BF800BF7033 /* PBXTargetDependency */ = {
			isa = PBXTargetDependency;
			target = E92015EE2D549BF600BF7033 /* Dday_widgetExtension */;
			targetProxy = E92015FA2D549BF800BF7033 /* PBXContainerItemProxy */;
		};
		E9220FB62D2FDCCC005AD332 /* PBXTargetDependency */ = {
			isa = PBXTargetDependency;
			target = E9220FA72D2FDCCA005AD332 /* Memo_widgetExtension */;
			targetProxy = E9220FB52D2FDCCC005AD332 /* PBXContainerItemProxy */;
		};
		E99659542CE86B540093E8BA /* PBXTargetDependency */ = {
			isa = PBXTargetDependency;
			target = E996593E2CE86B520093E8BA /* Temperature_widgetExtension */;
			targetProxy = E99659532CE86B540093E8BA /* PBXContainerItemProxy */;
		};
/* End PBXTargetDependency section */

/* Begin XCBuildConfiguration section */
		E92015FD2D549BF800BF7033 /* Debug */ = {
			isa = XCBuildConfiguration;
			buildSettings = {
				ASSETCATALOG_COMPILER_GLOBAL_ACCENT_COLOR_NAME = AccentColor;
				ASSETCATALOG_COMPILER_WIDGET_BACKGROUND_COLOR_NAME = WidgetBackground;
				CODE_SIGN_ENTITLEMENTS = Dday_widgetExtension.entitlements;
				CODE_SIGN_STYLE = Automatic;
				CURRENT_PROJECT_VERSION = 1;
				DEVELOPMENT_TEAM = 95366L65VG;
				GENERATE_INFOPLIST_FILE = YES;
				INFOPLIST_FILE = Dday_widget/Info.plist;
				INFOPLIST_KEY_CFBundleDisplayName = Dday_widget;
				INFOPLIST_KEY_NSHumanReadableCopyright = "";
				IPHONEOS_DEPLOYMENT_TARGET = 17.0;
				LD_RUNPATH_SEARCH_PATHS = (
					"$(inherited)",
					"@executable_path/Frameworks",
					"@executable_path/../../Frameworks",
				);
				MARKETING_VERSION = 1.1.1;
				PRODUCT_BUNDLE_IDENTIFIER = "sj-dev.Simplest-widgets.Dday-widget";
				PRODUCT_NAME = "$(TARGET_NAME)";
				SKIP_INSTALL = YES;
				SUPPORTED_PLATFORMS = "iphoneos iphonesimulator";
				SUPPORTS_MACCATALYST = NO;
				SUPPORTS_MAC_DESIGNED_FOR_IPHONE_IPAD = NO;
				SUPPORTS_XR_DESIGNED_FOR_IPHONE_IPAD = NO;
				SWIFT_EMIT_LOC_STRINGS = YES;
				SWIFT_VERSION = 5.0;
				TARGETED_DEVICE_FAMILY = 1;
			};
			name = Debug;
		};
		E92015FE2D549BF800BF7033 /* Release */ = {
			isa = XCBuildConfiguration;
			buildSettings = {
				ASSETCATALOG_COMPILER_GLOBAL_ACCENT_COLOR_NAME = AccentColor;
				ASSETCATALOG_COMPILER_WIDGET_BACKGROUND_COLOR_NAME = WidgetBackground;
				CODE_SIGN_ENTITLEMENTS = Dday_widgetExtension.entitlements;
				CODE_SIGN_STYLE = Automatic;
				CURRENT_PROJECT_VERSION = 1;
				DEVELOPMENT_TEAM = 95366L65VG;
				GENERATE_INFOPLIST_FILE = YES;
				INFOPLIST_FILE = Dday_widget/Info.plist;
				INFOPLIST_KEY_CFBundleDisplayName = Dday_widget;
				INFOPLIST_KEY_NSHumanReadableCopyright = "";
				IPHONEOS_DEPLOYMENT_TARGET = 17.0;
				LD_RUNPATH_SEARCH_PATHS = (
					"$(inherited)",
					"@executable_path/Frameworks",
					"@executable_path/../../Frameworks",
				);
				MARKETING_VERSION = 1.1.1;
				PRODUCT_BUNDLE_IDENTIFIER = "sj-dev.Simplest-widgets.Dday-widget";
				PRODUCT_NAME = "$(TARGET_NAME)";
				SKIP_INSTALL = YES;
				SUPPORTED_PLATFORMS = "iphoneos iphonesimulator";
				SUPPORTS_MACCATALYST = NO;
				SUPPORTS_MAC_DESIGNED_FOR_IPHONE_IPAD = NO;
				SUPPORTS_XR_DESIGNED_FOR_IPHONE_IPAD = NO;
				SWIFT_EMIT_LOC_STRINGS = YES;
				SWIFT_VERSION = 5.0;
				TARGETED_DEVICE_FAMILY = 1;
			};
			name = Release;
		};
		E9220FBA2D2FDCCC005AD332 /* Debug */ = {
			isa = XCBuildConfiguration;
			buildSettings = {
				ASSETCATALOG_COMPILER_GLOBAL_ACCENT_COLOR_NAME = AccentColor;
				ASSETCATALOG_COMPILER_WIDGET_BACKGROUND_COLOR_NAME = WidgetBackground;
				CODE_SIGN_ENTITLEMENTS = Memo_widgetExtension.entitlements;
				CODE_SIGN_STYLE = Automatic;
				CURRENT_PROJECT_VERSION = 1;
				DEVELOPMENT_TEAM = 95366L65VG;
				GENERATE_INFOPLIST_FILE = YES;
				INFOPLIST_FILE = Memo_widget/Info.plist;
				INFOPLIST_KEY_CFBundleDisplayName = Memo_widget;
				INFOPLIST_KEY_NSHumanReadableCopyright = "";
				IPHONEOS_DEPLOYMENT_TARGET = 17.0;
				LD_RUNPATH_SEARCH_PATHS = (
					"$(inherited)",
					"@executable_path/Frameworks",
					"@executable_path/../../Frameworks",
				);
				MARKETING_VERSION = 1.1.1;
				PRODUCT_BUNDLE_IDENTIFIER = "sj-dev.Simplest-widgets.Memo-widget";
				PRODUCT_NAME = "$(TARGET_NAME)";
				SKIP_INSTALL = YES;
				SUPPORTED_PLATFORMS = "iphoneos iphonesimulator";
				SUPPORTS_MACCATALYST = NO;
				SUPPORTS_MAC_DESIGNED_FOR_IPHONE_IPAD = NO;
				SUPPORTS_XR_DESIGNED_FOR_IPHONE_IPAD = NO;
				SWIFT_EMIT_LOC_STRINGS = YES;
				SWIFT_VERSION = 5.0;
				TARGETED_DEVICE_FAMILY = 1;
			};
			name = Debug;
		};
		E9220FBB2D2FDCCC005AD332 /* Release */ = {
			isa = XCBuildConfiguration;
			buildSettings = {
				ASSETCATALOG_COMPILER_GLOBAL_ACCENT_COLOR_NAME = AccentColor;
				ASSETCATALOG_COMPILER_WIDGET_BACKGROUND_COLOR_NAME = WidgetBackground;
				CODE_SIGN_ENTITLEMENTS = Memo_widgetExtension.entitlements;
				CODE_SIGN_STYLE = Automatic;
				CURRENT_PROJECT_VERSION = 1;
				DEVELOPMENT_TEAM = 95366L65VG;
				GENERATE_INFOPLIST_FILE = YES;
				INFOPLIST_FILE = Memo_widget/Info.plist;
				INFOPLIST_KEY_CFBundleDisplayName = Memo_widget;
				INFOPLIST_KEY_NSHumanReadableCopyright = "";
				IPHONEOS_DEPLOYMENT_TARGET = 17.0;
				LD_RUNPATH_SEARCH_PATHS = (
					"$(inherited)",
					"@executable_path/Frameworks",
					"@executable_path/../../Frameworks",
				);
				MARKETING_VERSION = 1.1.1;
				PRODUCT_BUNDLE_IDENTIFIER = "sj-dev.Simplest-widgets.Memo-widget";
				PRODUCT_NAME = "$(TARGET_NAME)";
				SKIP_INSTALL = YES;
				SUPPORTED_PLATFORMS = "iphoneos iphonesimulator";
				SUPPORTS_MACCATALYST = NO;
				SUPPORTS_MAC_DESIGNED_FOR_IPHONE_IPAD = NO;
				SUPPORTS_XR_DESIGNED_FOR_IPHONE_IPAD = NO;
				SWIFT_EMIT_LOC_STRINGS = YES;
				SWIFT_VERSION = 5.0;
				TARGETED_DEVICE_FAMILY = 1;
			};
			name = Release;
		};
		E976148F2CE5DD4D00C90A58 /* Debug */ = {
			isa = XCBuildConfiguration;
			buildSettings = {
				ALWAYS_SEARCH_USER_PATHS = NO;
				ASSETCATALOG_COMPILER_GENERATE_SWIFT_ASSET_SYMBOL_EXTENSIONS = YES;
				CLANG_ANALYZER_NONNULL = YES;
				CLANG_ANALYZER_NUMBER_OBJECT_CONVERSION = YES_AGGRESSIVE;
				CLANG_CXX_LANGUAGE_STANDARD = "gnu++20";
				CLANG_ENABLE_MODULES = YES;
				CLANG_ENABLE_OBJC_ARC = YES;
				CLANG_ENABLE_OBJC_WEAK = YES;
				CLANG_WARN_BLOCK_CAPTURE_AUTORELEASING = YES;
				CLANG_WARN_BOOL_CONVERSION = YES;
				CLANG_WARN_COMMA = YES;
				CLANG_WARN_CONSTANT_CONVERSION = YES;
				CLANG_WARN_DEPRECATED_OBJC_IMPLEMENTATIONS = YES;
				CLANG_WARN_DIRECT_OBJC_ISA_USAGE = YES_ERROR;
				CLANG_WARN_DOCUMENTATION_COMMENTS = YES;
				CLANG_WARN_EMPTY_BODY = YES;
				CLANG_WARN_ENUM_CONVERSION = YES;
				CLANG_WARN_INFINITE_RECURSION = YES;
				CLANG_WARN_INT_CONVERSION = YES;
				CLANG_WARN_NON_LITERAL_NULL_CONVERSION = YES;
				CLANG_WARN_OBJC_IMPLICIT_RETAIN_SELF = YES;
				CLANG_WARN_OBJC_LITERAL_CONVERSION = YES;
				CLANG_WARN_OBJC_ROOT_CLASS = YES_ERROR;
				CLANG_WARN_QUOTED_INCLUDE_IN_FRAMEWORK_HEADER = YES;
				CLANG_WARN_RANGE_LOOP_ANALYSIS = YES;
				CLANG_WARN_STRICT_PROTOTYPES = YES;
				CLANG_WARN_SUSPICIOUS_MOVE = YES;
				CLANG_WARN_UNGUARDED_AVAILABILITY = YES_AGGRESSIVE;
				CLANG_WARN_UNREACHABLE_CODE = YES;
				CLANG_WARN__DUPLICATE_METHOD_MATCH = YES;
				COPY_PHASE_STRIP = NO;
				DEBUG_INFORMATION_FORMAT = dwarf;
				ENABLE_STRICT_OBJC_MSGSEND = YES;
				ENABLE_TESTABILITY = YES;
				ENABLE_USER_SCRIPT_SANDBOXING = YES;
				GCC_C_LANGUAGE_STANDARD = gnu17;
				GCC_DYNAMIC_NO_PIC = NO;
				GCC_NO_COMMON_BLOCKS = YES;
				GCC_OPTIMIZATION_LEVEL = 0;
				GCC_PREPROCESSOR_DEFINITIONS = (
					"DEBUG=1",
					"$(inherited)",
				);
				GCC_WARN_64_TO_32_BIT_CONVERSION = YES;
				GCC_WARN_ABOUT_RETURN_TYPE = YES_ERROR;
				GCC_WARN_UNDECLARED_SELECTOR = YES;
				GCC_WARN_UNINITIALIZED_AUTOS = YES_AGGRESSIVE;
				GCC_WARN_UNUSED_FUNCTION = YES;
				GCC_WARN_UNUSED_VARIABLE = YES;
				IPHONEOS_DEPLOYMENT_TARGET = 18.1;
				LOCALIZATION_PREFERS_STRING_CATALOGS = YES;
				MTL_ENABLE_DEBUG_INFO = INCLUDE_SOURCE;
				MTL_FAST_MATH = YES;
				NEW_SETTING = "";
				ONLY_ACTIVE_ARCH = YES;
				SDKROOT = iphoneos;
				SWIFT_ACTIVE_COMPILATION_CONDITIONS = "DEBUG $(inherited)";
				SWIFT_EMIT_LOC_STRINGS = YES;
				SWIFT_OPTIMIZATION_LEVEL = "-Onone";
			};
			name = Debug;
		};
		E97614902CE5DD4D00C90A58 /* Release */ = {
			isa = XCBuildConfiguration;
			buildSettings = {
				ALWAYS_SEARCH_USER_PATHS = NO;
				ASSETCATALOG_COMPILER_GENERATE_SWIFT_ASSET_SYMBOL_EXTENSIONS = YES;
				CLANG_ANALYZER_NONNULL = YES;
				CLANG_ANALYZER_NUMBER_OBJECT_CONVERSION = YES_AGGRESSIVE;
				CLANG_CXX_LANGUAGE_STANDARD = "gnu++20";
				CLANG_ENABLE_MODULES = YES;
				CLANG_ENABLE_OBJC_ARC = YES;
				CLANG_ENABLE_OBJC_WEAK = YES;
				CLANG_WARN_BLOCK_CAPTURE_AUTORELEASING = YES;
				CLANG_WARN_BOOL_CONVERSION = YES;
				CLANG_WARN_COMMA = YES;
				CLANG_WARN_CONSTANT_CONVERSION = YES;
				CLANG_WARN_DEPRECATED_OBJC_IMPLEMENTATIONS = YES;
				CLANG_WARN_DIRECT_OBJC_ISA_USAGE = YES_ERROR;
				CLANG_WARN_DOCUMENTATION_COMMENTS = YES;
				CLANG_WARN_EMPTY_BODY = YES;
				CLANG_WARN_ENUM_CONVERSION = YES;
				CLANG_WARN_INFINITE_RECURSION = YES;
				CLANG_WARN_INT_CONVERSION = YES;
				CLANG_WARN_NON_LITERAL_NULL_CONVERSION = YES;
				CLANG_WARN_OBJC_IMPLICIT_RETAIN_SELF = YES;
				CLANG_WARN_OBJC_LITERAL_CONVERSION = YES;
				CLANG_WARN_OBJC_ROOT_CLASS = YES_ERROR;
				CLANG_WARN_QUOTED_INCLUDE_IN_FRAMEWORK_HEADER = YES;
				CLANG_WARN_RANGE_LOOP_ANALYSIS = YES;
				CLANG_WARN_STRICT_PROTOTYPES = YES;
				CLANG_WARN_SUSPICIOUS_MOVE = YES;
				CLANG_WARN_UNGUARDED_AVAILABILITY = YES_AGGRESSIVE;
				CLANG_WARN_UNREACHABLE_CODE = YES;
				CLANG_WARN__DUPLICATE_METHOD_MATCH = YES;
				COPY_PHASE_STRIP = NO;
				DEBUG_INFORMATION_FORMAT = "dwarf-with-dsym";
				ENABLE_NS_ASSERTIONS = NO;
				ENABLE_STRICT_OBJC_MSGSEND = YES;
				ENABLE_USER_SCRIPT_SANDBOXING = YES;
				GCC_C_LANGUAGE_STANDARD = gnu17;
				GCC_NO_COMMON_BLOCKS = YES;
				GCC_WARN_64_TO_32_BIT_CONVERSION = YES;
				GCC_WARN_ABOUT_RETURN_TYPE = YES_ERROR;
				GCC_WARN_UNDECLARED_SELECTOR = YES;
				GCC_WARN_UNINITIALIZED_AUTOS = YES_AGGRESSIVE;
				GCC_WARN_UNUSED_FUNCTION = YES;
				GCC_WARN_UNUSED_VARIABLE = YES;
				IPHONEOS_DEPLOYMENT_TARGET = 18.1;
				LOCALIZATION_PREFERS_STRING_CATALOGS = YES;
				MTL_ENABLE_DEBUG_INFO = NO;
				MTL_FAST_MATH = YES;
				NEW_SETTING = "";
				SDKROOT = iphoneos;
				SWIFT_COMPILATION_MODE = wholemodule;
				SWIFT_EMIT_LOC_STRINGS = YES;
				VALIDATE_PRODUCT = YES;
			};
			name = Release;
		};
		E97614922CE5DD4D00C90A58 /* Debug */ = {
			isa = XCBuildConfiguration;
			buildSettings = {
				ASSETCATALOG_COMPILER_APPICON_NAME = AppIcon;
				ASSETCATALOG_COMPILER_GLOBAL_ACCENT_COLOR_NAME = AccentColor;
				ASSETCATALOG_COMPILER_INCLUDE_ALL_APPICON_ASSETS = NO;
				CODE_SIGN_ENTITLEMENTS = Simplest_widgets/Simplest_widgets.entitlements;
				CODE_SIGN_STYLE = Automatic;
				CURRENT_PROJECT_VERSION = 1;
				DEVELOPMENT_ASSET_PATHS = "\"Simplest_widgets/Preview Content\"";
				DEVELOPMENT_TEAM = 95366L65VG;
				ENABLE_PREVIEWS = YES;
				GENERATE_INFOPLIST_FILE = YES;
				INFOPLIST_FILE = "Simplest-widgets-Info.plist";
				INFOPLIST_KEY_CFBundleDisplayName = "Simplest widgets";
				INFOPLIST_KEY_LSApplicationCategoryType = "public.app-category.utilities";
				INFOPLIST_KEY_NSLocationAlwaysAndWhenInUseUsageDescription = "Location access is required for weather";
				INFOPLIST_KEY_NSLocationWhenInUseUsageDescription = "Location access is required for weather";
				INFOPLIST_KEY_NSMicrophoneUsageDescription = "microphone access is required for memo";
				INFOPLIST_KEY_NSPhotoLibraryUsageDescription = "Album access is required for home screen images.";
				INFOPLIST_KEY_NSSpeechRecognitionUsageDescription = "voice's text access is required for memo";
				INFOPLIST_KEY_UIApplicationSceneManifest_Generation = YES;
				INFOPLIST_KEY_UIApplicationSupportsIndirectInputEvents = YES;
				INFOPLIST_KEY_UILaunchScreen_Generation = YES;
				INFOPLIST_KEY_UISupportedInterfaceOrientations = UIInterfaceOrientationPortrait;
				INFOPLIST_KEY_UISupportedInterfaceOrientations_iPad = "UIInterfaceOrientationLandscapeLeft UIInterfaceOrientationPortrait";
				IPHONEOS_DEPLOYMENT_TARGET = 17.0;
				LD_RUNPATH_SEARCH_PATHS = (
					"$(inherited)",
					"@executable_path/Frameworks",
				);
				MARKETING_VERSION = 1.1.1;
				PRODUCT_BUNDLE_IDENTIFIER = "sj-dev.Simplest-widgets";
				PRODUCT_NAME = "$(TARGET_NAME)";
				SUPPORTED_PLATFORMS = "iphoneos iphonesimulator";
				SUPPORTS_MACCATALYST = NO;
				SUPPORTS_MAC_DESIGNED_FOR_IPHONE_IPAD = NO;
				SUPPORTS_XR_DESIGNED_FOR_IPHONE_IPAD = NO;
				SWIFT_EMIT_LOC_STRINGS = YES;
				SWIFT_VERSION = 5.0;
				TARGETED_DEVICE_FAMILY = 1;
			};
			name = Debug;
		};
		E97614932CE5DD4D00C90A58 /* Release */ = {
			isa = XCBuildConfiguration;
			buildSettings = {
				ASSETCATALOG_COMPILER_APPICON_NAME = AppIcon;
				ASSETCATALOG_COMPILER_GLOBAL_ACCENT_COLOR_NAME = AccentColor;
				ASSETCATALOG_COMPILER_INCLUDE_ALL_APPICON_ASSETS = NO;
				CODE_SIGN_ENTITLEMENTS = Simplest_widgets/Simplest_widgets.entitlements;
				CODE_SIGN_STYLE = Automatic;
				CURRENT_PROJECT_VERSION = 1;
				DEVELOPMENT_ASSET_PATHS = "\"Simplest_widgets/Preview Content\"";
				DEVELOPMENT_TEAM = 95366L65VG;
				ENABLE_PREVIEWS = YES;
				GENERATE_INFOPLIST_FILE = YES;
				INFOPLIST_FILE = "Simplest-widgets-Info.plist";
				INFOPLIST_KEY_CFBundleDisplayName = "Simplest widgets";
				INFOPLIST_KEY_LSApplicationCategoryType = "public.app-category.utilities";
				INFOPLIST_KEY_NSLocationAlwaysAndWhenInUseUsageDescription = "Location access is required for weather";
				INFOPLIST_KEY_NSLocationWhenInUseUsageDescription = "Location access is required for weather";
				INFOPLIST_KEY_NSMicrophoneUsageDescription = "microphone access is required for memo";
				INFOPLIST_KEY_NSPhotoLibraryUsageDescription = "Album access is required for home screen images.";
				INFOPLIST_KEY_NSSpeechRecognitionUsageDescription = "voice's text access is required for memo";
				INFOPLIST_KEY_UIApplicationSceneManifest_Generation = YES;
				INFOPLIST_KEY_UIApplicationSupportsIndirectInputEvents = YES;
				INFOPLIST_KEY_UILaunchScreen_Generation = YES;
				INFOPLIST_KEY_UISupportedInterfaceOrientations = UIInterfaceOrientationPortrait;
				INFOPLIST_KEY_UISupportedInterfaceOrientations_iPad = "UIInterfaceOrientationLandscapeLeft UIInterfaceOrientationPortrait";
				IPHONEOS_DEPLOYMENT_TARGET = 17.0;
				LD_RUNPATH_SEARCH_PATHS = (
					"$(inherited)",
					"@executable_path/Frameworks",
				);
				MARKETING_VERSION = 1.1.1;
				PRODUCT_BUNDLE_IDENTIFIER = "sj-dev.Simplest-widgets";
				PRODUCT_NAME = "$(TARGET_NAME)";
				SUPPORTED_PLATFORMS = "iphoneos iphonesimulator";
				SUPPORTS_MACCATALYST = NO;
				SUPPORTS_MAC_DESIGNED_FOR_IPHONE_IPAD = NO;
				SUPPORTS_XR_DESIGNED_FOR_IPHONE_IPAD = NO;
				SWIFT_EMIT_LOC_STRINGS = YES;
				SWIFT_VERSION = 5.0;
				TARGETED_DEVICE_FAMILY = 1;
			};
			name = Release;
		};
		E99659572CE86B540093E8BA /* Debug */ = {
			isa = XCBuildConfiguration;
			buildSettings = {
				ASSETCATALOG_COMPILER_GLOBAL_ACCENT_COLOR_NAME = AccentColor;
				ASSETCATALOG_COMPILER_WIDGET_BACKGROUND_COLOR_NAME = WidgetBackground;
				CODE_SIGN_ENTITLEMENTS = Temperature_widgetExtension.entitlements;
				CODE_SIGN_STYLE = Automatic;
				CURRENT_PROJECT_VERSION = 1;
				DEVELOPMENT_TEAM = 95366L65VG;
				GENERATE_INFOPLIST_FILE = YES;
				INFOPLIST_FILE = Temperature_widget/Info.plist;
				INFOPLIST_KEY_CFBundleDisplayName = Temperature_widget;
				INFOPLIST_KEY_NSHumanReadableCopyright = "";
				INFOPLIST_KEY_NSLocationUsageDescription = "Location access is required for weather";
				IPHONEOS_DEPLOYMENT_TARGET = 17.0;
				LD_RUNPATH_SEARCH_PATHS = (
					"$(inherited)",
					"@executable_path/Frameworks",
					"@executable_path/../../Frameworks",
				);
				MARKETING_VERSION = 1.1.1;
				PRODUCT_BUNDLE_IDENTIFIER = "sj-dev.Simplest-widgets.Temperature-widget";
				PRODUCT_NAME = "$(TARGET_NAME)";
				SKIP_INSTALL = YES;
				SUPPORTED_PLATFORMS = "iphoneos iphonesimulator";
				SUPPORTS_MACCATALYST = NO;
				SUPPORTS_MAC_DESIGNED_FOR_IPHONE_IPAD = NO;
				SUPPORTS_XR_DESIGNED_FOR_IPHONE_IPAD = NO;
				SWIFT_EMIT_LOC_STRINGS = YES;
				SWIFT_VERSION = 5.0;
				TARGETED_DEVICE_FAMILY = 1;
			};
			name = Debug;
		};
		E99659582CE86B540093E8BA /* Release */ = {
			isa = XCBuildConfiguration;
			buildSettings = {
				ASSETCATALOG_COMPILER_GLOBAL_ACCENT_COLOR_NAME = AccentColor;
				ASSETCATALOG_COMPILER_WIDGET_BACKGROUND_COLOR_NAME = WidgetBackground;
				CODE_SIGN_ENTITLEMENTS = Temperature_widgetExtension.entitlements;
				CODE_SIGN_STYLE = Automatic;
				CURRENT_PROJECT_VERSION = 1;
				DEVELOPMENT_TEAM = 95366L65VG;
				GENERATE_INFOPLIST_FILE = YES;
				INFOPLIST_FILE = Temperature_widget/Info.plist;
				INFOPLIST_KEY_CFBundleDisplayName = Temperature_widget;
				INFOPLIST_KEY_NSHumanReadableCopyright = "";
				INFOPLIST_KEY_NSLocationUsageDescription = "Location access is required for weather";
				IPHONEOS_DEPLOYMENT_TARGET = 17.0;
				LD_RUNPATH_SEARCH_PATHS = (
					"$(inherited)",
					"@executable_path/Frameworks",
					"@executable_path/../../Frameworks",
				);
				MARKETING_VERSION = 1.1.1;
				PRODUCT_BUNDLE_IDENTIFIER = "sj-dev.Simplest-widgets.Temperature-widget";
				PRODUCT_NAME = "$(TARGET_NAME)";
				SKIP_INSTALL = YES;
				SUPPORTED_PLATFORMS = "iphoneos iphonesimulator";
				SUPPORTS_MACCATALYST = NO;
				SUPPORTS_MAC_DESIGNED_FOR_IPHONE_IPAD = NO;
				SUPPORTS_XR_DESIGNED_FOR_IPHONE_IPAD = NO;
				SWIFT_EMIT_LOC_STRINGS = YES;
				SWIFT_VERSION = 5.0;
				TARGETED_DEVICE_FAMILY = 1;
			};
			name = Release;
		};
/* End XCBuildConfiguration section */

/* Begin XCConfigurationList section */
		E92016002D549BF800BF7033 /* Build configuration list for PBXNativeTarget "Dday_widgetExtension" */ = {
			isa = XCConfigurationList;
			buildConfigurations = (
				E92015FD2D549BF800BF7033 /* Debug */,
				E92015FE2D549BF800BF7033 /* Release */,
			);
			defaultConfigurationIsVisible = 0;
			defaultConfigurationName = Release;
		};
		E9220FB92D2FDCCC005AD332 /* Build configuration list for PBXNativeTarget "Memo_widgetExtension" */ = {
			isa = XCConfigurationList;
			buildConfigurations = (
				E9220FBA2D2FDCCC005AD332 /* Debug */,
				E9220FBB2D2FDCCC005AD332 /* Release */,
			);
			defaultConfigurationIsVisible = 0;
			defaultConfigurationName = Release;
		};
		E976147E2CE5DD4B00C90A58 /* Build configuration list for PBXProject "Simplest_widgets" */ = {
			isa = XCConfigurationList;
			buildConfigurations = (
				E976148F2CE5DD4D00C90A58 /* Debug */,
				E97614902CE5DD4D00C90A58 /* Release */,
			);
			defaultConfigurationIsVisible = 0;
			defaultConfigurationName = Release;
		};
		E97614912CE5DD4D00C90A58 /* Build configuration list for PBXNativeTarget "Simplest_widgets" */ = {
			isa = XCConfigurationList;
			buildConfigurations = (
				E97614922CE5DD4D00C90A58 /* Debug */,
				E97614932CE5DD4D00C90A58 /* Release */,
			);
			defaultConfigurationIsVisible = 0;
			defaultConfigurationName = Release;
		};
		E996595A2CE86B540093E8BA /* Build configuration list for PBXNativeTarget "Temperature_widgetExtension" */ = {
			isa = XCConfigurationList;
			buildConfigurations = (
				E99659572CE86B540093E8BA /* Debug */,
				E99659582CE86B540093E8BA /* Release */,
			);
			defaultConfigurationIsVisible = 0;
			defaultConfigurationName = Release;
		};
/* End XCConfigurationList section */

/* Begin XCVersionGroup section */
		E953894F2D40DF06003B25CC /* Memo_dataModel.xcdatamodeld */ = {
			isa = XCVersionGroup;
			children = (
				E95389502D40DF06003B25CC /* Memo_dataModel.xcdatamodel */,
			);
			currentVersion = E95389502D40DF06003B25CC /* Memo_dataModel.xcdatamodel */;
			path = Memo_dataModel.xcdatamodeld;
			sourceTree = "<group>";
			versionGroupType = wrapper.xcdatamodel;
		};
/* End XCVersionGroup section */
	};
	rootObject = E976147B2CE5DD4B00C90A58 /* Project object */;
}
